
Microsoft Visual Studio Solution File, Format Version 12.00
# Visual Studio Version 17
VisualStudioVersion = 17.1.32210.238
MinimumVisualStudioVersion = 10.0.40219.1
Project("{FAE04EC0-301F-11D3-BF4B-00C04F79EFBC}") = "1000_media_simples", "1000_media_simples.csproj", "{D8F370BB-4265-4CA7-B35D-BEA135B7F11F}"
EndProject
Global
	GlobalSection(SolutionConfigurationPlatforms) = preSolution
		Debug|Any CPU = Debug|Any CPU
		Release|Any CPU = Release|Any CPU
	EndGlobalSection
	GlobalSection(ProjectConfigurationPlatforms) = postSolution
		{D8F370BB-4265-4CA7-B35D-BEA135B7F11F}.Debug|Any CPU.ActiveCfg = Debug|Any CPU
		{D8F370BB-4265-4CA7-B35D-BEA135B7F11F}.Debug|Any CPU.Build.0 = Debug|Any CPU
		{D8F370BB-4265-4CA7-B35D-BEA135B7F11F}.Release|Any CPU.ActiveCfg = Release|Any CPU
		{D8F370BB-4265-4CA7-B35D-BEA135B7F11F}.Release|Any CPU.Build.0 = Release|Any CPU
	EndGlobalSection
	GlobalSection(SolutionProperties) = preSolution
		HideSolutionNode = FALSE
	EndGlobalSection
	GlobalSection(ExtensibilityGlobals) = postSolution
		SolutionGuid = {5DAB5617-386E-4A6C-AD1E-D93570F5EDF6}
	EndGlobalSection
EndGlobal
